<?xml version="1.0" encoding="utf-8"?>
<Project ToolsVersion="4.0" xmlns="http://schemas.microsoft.com/developer/msbuild/2003">
  <ItemGroup>
    <ResourceCompile Include="SimpleBezier11.rc" />
  </ItemGroup>
  <ItemGroup>
    <None Include="..\DXUT\Optional\directx.ico" />
    <None Include="shader\TesseBezierSurface.hlsl">
      <Filter>shader</Filter>
    </None>
    <None Include="shader\TesseBezierSurface_tessFactor.hlsl">
      <Filter>shader</Filter>
    </None>
  </ItemGroup>
  <ItemGroup>
    <Filter Include="src">
      <UniqueIdentifier>{e0308df3-bb7f-4d90-9045-d605eb8085ab}</UniqueIdentifier>
    </Filter>
    <Filter Include="shader">
      <UniqueIdentifier>{d87158bd-5bee-4737-a62d-f7faf59bb86b}</UniqueIdentifier>
    </Filter>
  </ItemGroup>
  <ItemGroup>
    <ClCompile Include="src\BezierSurface.cpp">
      <Filter>src</Filter>
    </ClCompile>
    <ClCompile Include="src\ShaderManager.cpp">
      <Filter>src</Filter>
    </ClCompile>
    <ClCompile Include="src\SimpleBezierSurfaceViewer.cpp">
      <Filter>src</Filter>
    </ClCompile>
    <ClCompile Include="src\IDataSource.cpp">
      <Filter>src</Filter>
    </ClCompile>
  </ItemGroup>
  <ItemGroup>
    <ClInclude Include="src\BezierSurface.h">
      <Filter>src</Filter>
    </ClInclude>
    <ClInclude Include="src\ShaderManager.h">
      <Filter>src</Filter>
    </ClInclude>
    <ClInclude Include="src\utahTeapot.h">
      <Filter>src</Filter>
    </ClInclude>
    <ClInclude Include="src\IDataSource.h">
      <Filter>src</Filter>
    </ClInclude>
    <ClInclude Include="src\quad.h">
      <Filter>src</Filter>
    </ClInclude>
  </ItemGroup>
  <ItemGroup>
    <FxCompile Include="shader\TesseQuad.hlsl">
      <Filter>shader</Filter>
    </FxCompile>
  </ItemGroup>
</Project>